
Microsoft Visual Studio Solution File, Format Version 12.00
# Visual Studio Version 17
VisualStudioVersion = 17.3.32819.101
MinimumVisualStudioVersion = 10.0.40219.1
Project("{FAE04EC0-301F-11D3-BF4B-00C04F79EFBC}") = "HumorApp", "HumorApp.csproj", "{681C0F42-4659-4597-A7E1-4553D20920BA}"
EndProject
Global
	GlobalSection(SolutionConfigurationPlatforms) = preSolution
		Debug|Any CPU = Debug|Any CPU
		Release|Any CPU = Release|Any CPU
	EndGlobalSection
	GlobalSection(ProjectConfigurationPlatforms) = postSolution
		{681C0F42-4659-4597-A7E1-4553D20920BA}.Debug|Any CPU.ActiveCfg = Debug|Any CPU
		{681C0F42-4659-4597-A7E1-4553D20920BA}.Debug|Any CPU.Build.0 = Debug|Any CPU
		{681C0F42-4659-4597-A7E1-4553D20920BA}.Release|Any CPU.ActiveCfg = Release|Any CPU
		{681C0F42-4659-4597-A7E1-4553D20920BA}.Release|Any CPU.Build.0 = Release|Any CPU
	EndGlobalSection
	GlobalSection(SolutionProperties) = preSolution
		HideSolutionNode = FALSE
	EndGlobalSection
	GlobalSection(ExtensibilityGlobals) = postSolution
		SolutionGuid = {FE5410E4-1C2F-410F-911A-00A81966220A}
	EndGlobalSection
EndGlobal
